{
  "name": "advanced-javascript",
  "version": "1.0.0",
  "lockfileVersion": 3,
  "requires": true,
  "packages": {
    "": {
      "name": "advanced-javascript",
      "version": "1.0.0",
      "license": "ISC",
      "dependencies": {
        "@electric-sql/pglite": "^0.3.15"
      }
    },
    "node_modules/@electric-sql/pglite": {
      "version": "0.3.15",
      "resolved": "https://registry.npmjs.org/@electric-sql/pglite/-/pglite-0.3.15.tgz",
      "integrity": "sha512-Cj++n1Mekf9ETfdc16TlDi+cDDQF0W7EcbyRHYOAeZdsAe8M/FJg18itDTSwyHfar2WIezawM9o0EKaRGVKygQ==",
      "license": "Apache-2.0"
    }
  }
}
